// !$*UTF8*$!
{
	archiveVersion = 1;
	classes = {
	};
	objectVersion = 45;
	objects = {

/* Begin PBXBuildFile section */
		7D930C8A1248E5C0005668F0 /* pasco_api_test_main.c in Sources */ = {isa = PBXBuildFile; fileRef = 7D930C891248E5C0005668F0 /* pasco_api_test_main.c */; };
		7D930C8F1248E602005668F0 /* pasco-sdk.dylib in Frameworks */ = {isa = PBXBuildFile; fileRef = 7D930C8D1248E602005668F0 /* pasco-sdk.dylib */; };
		7D930CE91249B7D7005668F0 /* libqtcore4d.dylib in CopyFiles */ = {isa = PBXBuildFile; fileRef = 7D930C8C1248E602005668F0 /* libqtcore4d.dylib */; };
		7D930CEA1249B7D7005668F0 /* pasco-sdk.dylib in CopyFiles */ = {isa = PBXBuildFile; fileRef = 7D930C8D1248E602005668F0 /* pasco-sdk.dylib */; };
/* End PBXBuildFile section */

/* Begin PBXCopyFilesBuildPhase section */
		7D930CE41249B74D005668F0 /* CopyFiles */ = {
			isa = PBXCopyFilesBuildPhase;
			buildActionMask = 2147483647;
			dstPath = "";
			dstSubfolderSpec = 6;
			files = (
				7D930CE91249B7D7005668F0 /* libqtcore4d.dylib in CopyFiles */,
				7D930CEA1249B7D7005668F0 /* pasco-sdk.dylib in CopyFiles */,
			);
			runOnlyForDeploymentPostprocessing = 0;
		};
/* End PBXCopyFilesBuildPhase section */

/* Begin PBXFileReference section */
		7D207FC512E8BA9F00616AF0 /* README.md */ = {isa = PBXFileReference; fileEncoding = 4; lastKnownFileType = text; name = README.md; path = ../../README.md; sourceTree = SOURCE_ROOT; };
		7D930C891248E5C0005668F0 /* pasco_api_test_main.c */ = {isa = PBXFileReference; fileEncoding = 4; lastKnownFileType = sourcecode.c.c; name = pasco_api_test_main.c; path = ../pasco_api_test_main.c; sourceTree = SOURCE_ROOT; };
		7D930C8B1248E5D8005668F0 /* pasco_api.h */ = {isa = PBXFileReference; fileEncoding = 4; lastKnownFileType = sourcecode.c.h; name = pasco_api.h; path = ../../include/pasco_api.h; sourceTree = SOURCE_ROOT; };
		7D930C8C1248E602005668F0 /* libqtcore4d.dylib */ = {isa = PBXFileReference; lastKnownFileType = "compiled.mach-o.dylib"; name = libqtcore4d.dylib; path = ../../lib/os_x/libqtcore4d.dylib; sourceTree = SOURCE_ROOT; };
		7D930C8D1248E602005668F0 /* pasco-sdk.dylib */ = {isa = PBXFileReference; lastKnownFileType = "compiled.mach-o.dylib"; name = "pasco-sdk.dylib"; path = "../../lib/os_x/pasco-sdk.dylib"; sourceTree = SOURCE_ROOT; };
		8DD76F6C0486A84900D96B5E /* XCodePascoAPITest */ = {isa = PBXFileReference; explicitFileType = "compiled.mach-o.executable"; includeInIndex = 0; path = XCodePascoAPITest; sourceTree = BUILT_PRODUCTS_DIR; };
		C6859E8B029090EE04C91782 /* XCodePascoAPITest.1 */ = {isa = PBXFileReference; lastKnownFileType = text.man; path = XCodePascoAPITest.1; sourceTree = "<group>"; };
/* End PBXFileReference section */

/* Begin PBXFrameworksBuildPhase section */
		8DD76F660486A84900D96B5E /* Frameworks */ = {
			isa = PBXFrameworksBuildPhase;
			buildActionMask = 2147483647;
			files = (
				7D930C8F1248E602005668F0 /* pasco-sdk.dylib in Frameworks */,
			);
			runOnlyForDeploymentPostprocessing = 0;
		};
/* End PBXFrameworksBuildPhase section */

/* Begin PBXGroup section */
		08FB7794FE84155DC02AAC07 /* XCodePascoAPITest */ = {
			isa = PBXGroup;
			children = (
				7D930C8C1248E602005668F0 /* libqtcore4d.dylib */,
				7D930C8D1248E602005668F0 /* pasco-sdk.dylib */,
				08FB7795FE84155DC02AAC07 /* Source */,
				C6859E8C029090F304C91782 /* Documentation */,
				1AB674ADFE9D54B511CA2CBB /* Products */,
			);
			name = XCodePascoAPITest;
			sourceTree = "<group>";
		};
		08FB7795FE84155DC02AAC07 /* Source */ = {
			isa = PBXGroup;
			children = (
				7D930C8B1248E5D8005668F0 /* pasco_api.h */,
				7D930C891248E5C0005668F0 /* pasco_api_test_main.c */,
			);
			name = Source;
			sourceTree = "<group>";
		};
		1AB674ADFE9D54B511CA2CBB /* Products */ = {
			isa = PBXGroup;
			children = (
				8DD76F6C0486A84900D96B5E /* XCodePascoAPITest */,
			);
			name = Products;
			sourceTree = "<group>";
		};
		C6859E8C029090F304C91782 /* Documentation */ = {
			isa = PBXGroup;
			children = (
				7D207FC512E8BA9F00616AF0 /* README.md */,
				C6859E8B029090EE04C91782 /* XCodePascoAPITest.1 */,
			);
			name = Documentation;
			sourceTree = "<group>";
		};
/* End PBXGroup section */

/* Begin PBXNativeTarget section */
		8DD76F620486A84900D96B5E /* XCodePascoAPITest */ = {
			isa = PBXNativeTarget;
			buildConfigurationList = 1DEB923108733DC60010E9CD /* Build configuration list for PBXNativeTarget "XCodePascoAPITest" */;
			buildPhases = (
				8DD76F640486A84900D96B5E /* Sources */,
				8DD76F660486A84900D96B5E /* Frameworks */,
				7D930CE41249B74D005668F0 /* CopyFiles */,
			);
			buildRules = (
			);
			dependencies = (
			);
			name = XCodePascoAPITest;
			productInstallPath = "$(HOME)/bin";
			productName = XCodePascoAPITest;
			productReference = 8DD76F6C0486A84900D96B5E /* XCodePascoAPITest */;
			productType = "com.apple.product-type.tool";
		};
/* End PBXNativeTarget section */

/* Begin PBXProject section */
		08FB7793FE84155DC02AAC07 /* Project object */ = {
			isa = PBXProject;
			buildConfigurationList = 1DEB923508733DC60010E9CD /* Build configuration list for PBXProject "XCodePascoAPITest" */;
			compatibilityVersion = "Xcode 3.1";
			developmentRegion = English;
			hasScannedForEncodings = 1;
			knownRegions = (
				English,
				Japanese,
				French,
				German,
			);
			mainGroup = 08FB7794FE84155DC02AAC07 /* XCodePascoAPITest */;
			projectDirPath = "";
			projectRoot = "";
			targets = (
				8DD76F620486A84900D96B5E /* XCodePascoAPITest */,
			);
		};
/* End PBXProject section */

/* Begin PBXSourcesBuildPhase section */
		8DD76F640486A84900D96B5E /* Sources */ = {
			isa = PBXSourcesBuildPhase;
			buildActionMask = 2147483647;
			files = (
				7D930C8A1248E5C0005668F0 /* pasco_api_test_main.c in Sources */,
			);
			runOnlyForDeploymentPostprocessing = 0;
		};
/* End PBXSourcesBuildPhase section */

/* Begin XCBuildConfiguration section */
		1DEB923208733DC60010E9CD /* Debug */ = {
			isa = XCBuildConfiguration;
			buildSettings = {
				ALWAYS_SEARCH_USER_PATHS = NO;
				COPY_PHASE_STRIP = NO;
				GCC_DYNAMIC_NO_PIC = NO;
				GCC_ENABLE_FIX_AND_CONTINUE = YES;
				GCC_MODEL_TUNING = G5;
				GCC_OPTIMIZATION_LEVEL = 0;
				INSTALL_PATH = /usr/local/bin;
				LIBRARY_SEARCH_PATHS = (
					"$(inherited)",
					"\"$(SRCROOT)/../../lib/os_x\"",
				);
				PRODUCT_NAME = XCodePascoAPITest;
			};
			name = Debug;
		};
		1DEB923308733DC60010E9CD /* Release */ = {
			isa = XCBuildConfiguration;
			buildSettings = {
				ALWAYS_SEARCH_USER_PATHS = NO;
				DEBUG_INFORMATION_FORMAT = "dwarf-with-dsym";
				GCC_MODEL_TUNING = G5;
				INSTALL_PATH = /usr/local/bin;
				LIBRARY_SEARCH_PATHS = (
					"$(inherited)",
					"\"$(SRCROOT)/../../lib/os_x\"",
				);
				PRODUCT_NAME = XCodePascoAPITest;
			};
			name = Release;
		};
		1DEB923608733DC60010E9CD /* Debug */ = {
			isa = XCBuildConfiguration;
			buildSettings = {
				ARCHS = "$(ARCHS_STANDARD_32_64_BIT)";
				GCC_C_LANGUAGE_STANDARD = gnu99;
				GCC_OPTIMIZATION_LEVEL = 0;
				GCC_WARN_ABOUT_RETURN_TYPE = YES;
				GCC_WARN_UNUSED_VARIABLE = YES;
				ONLY_ACTIVE_ARCH = YES;
				PREBINDING = NO;
				SDKROOT = macosx10.6;
			};
			name = Debug;
		};
		1DEB923708733DC60010E9CD /* Release */ = {
			isa = XCBuildConfiguration;
			buildSettings = {
				ARCHS = "$(ARCHS_STANDARD_32_64_BIT)";
				GCC_C_LANGUAGE_STANDARD = gnu99;
				GCC_WARN_ABOUT_RETURN_TYPE = YES;
				GCC_WARN_UNUSED_VARIABLE = YES;
				PREBINDING = NO;
				SDKROOT = macosx10.6;
			};
			name = Release;
		};
/* End XCBuildConfiguration section */

/* Begin XCConfigurationList section */
		1DEB923108733DC60010E9CD /* Build configuration list for PBXNativeTarget "XCodePascoAPITest" */ = {
			isa = XCConfigurationList;
			buildConfigurations = (
				1DEB923208733DC60010E9CD /* Debug */,
				1DEB923308733DC60010E9CD /* Release */,
			);
			defaultConfigurationIsVisible = 0;
			defaultConfigurationName = Release;
		};
		1DEB923508733DC60010E9CD /* Build configuration list for PBXProject "XCodePascoAPITest" */ = {
			isa = XCConfigurationList;
			buildConfigurations = (
				1DEB923608733DC60010E9CD /* Debug */,
				1DEB923708733DC60010E9CD /* Release */,
			);
			defaultConfigurationIsVisible = 0;
			defaultConfigurationName = Release;
		};
/* End XCConfigurationList section */
	};
	rootObject = 08FB7793FE84155DC02AAC07 /* Project object */;
}
